
Microsoft Visual Studio Solution File, Format Version 12.00
# Visual Studio 15
VisualStudioVersion = 15.0.28010.2036
MinimumVisualStudioVersion = 10.0.40219.1
Project("{FAE04EC0-301F-11D3-BF4B-00C04F79EFBC}") = "IE.Programare1.Masina", "IE.Programare1.Masina\IE.Programare1.Masina.csproj", "{C56E224F-6434-421D-9B17-0815CF5B2685}"
EndProject
Project("{FAE04EC0-301F-11D3-BF4B-00C04F79EFBC}") = "IE.Programare1.Cerc", "IE.Programare1.Cerc\IE.Programare1.Cerc.csproj", "{89A73403-BE6A-402F-BE8F-50F90A3795CE}"
EndProject
Project("{FAE04EC0-301F-11D3-BF4B-00C04F79EFBC}") = "IE.Programare1.NotaFinala", "IE.Programare1.NotaFinala\IE.Programare1.NotaFinala.csproj", "{60E9DBD8-E020-4489-B63E-FE2ACCC3916C}"
EndProject
Global
	GlobalSection(SolutionConfigurationPlatforms) = preSolution
		Debug|Any CPU = Debug|Any CPU
		Release|Any CPU = Release|Any CPU
	EndGlobalSection
	GlobalSection(ProjectConfigurationPlatforms) = postSolution
		{C56E224F-6434-421D-9B17-0815CF5B2685}.Debug|Any CPU.ActiveCfg = Debug|Any CPU
		{C56E224F-6434-421D-9B17-0815CF5B2685}.Debug|Any CPU.Build.0 = Debug|Any CPU
		{C56E224F-6434-421D-9B17-0815CF5B2685}.Release|Any CPU.ActiveCfg = Release|Any CPU
		{C56E224F-6434-421D-9B17-0815CF5B2685}.Release|Any CPU.Build.0 = Release|Any CPU
		{89A73403-BE6A-402F-BE8F-50F90A3795CE}.Debug|Any CPU.ActiveCfg = Debug|Any CPU
		{89A73403-BE6A-402F-BE8F-50F90A3795CE}.Debug|Any CPU.Build.0 = Debug|Any CPU
		{89A73403-BE6A-402F-BE8F-50F90A3795CE}.Release|Any CPU.ActiveCfg = Release|Any CPU
		{89A73403-BE6A-402F-BE8F-50F90A3795CE}.Release|Any CPU.Build.0 = Release|Any CPU
		{60E9DBD8-E020-4489-B63E-FE2ACCC3916C}.Debug|Any CPU.ActiveCfg = Debug|Any CPU
		{60E9DBD8-E020-4489-B63E-FE2ACCC3916C}.Debug|Any CPU.Build.0 = Debug|Any CPU
		{60E9DBD8-E020-4489-B63E-FE2ACCC3916C}.Release|Any CPU.ActiveCfg = Release|Any CPU
		{60E9DBD8-E020-4489-B63E-FE2ACCC3916C}.Release|Any CPU.Build.0 = Release|Any CPU
	EndGlobalSection
	GlobalSection(SolutionProperties) = preSolution
		HideSolutionNode = FALSE
	EndGlobalSection
	GlobalSection(ExtensibilityGlobals) = postSolution
		SolutionGuid = {11BFEB7E-ADB0-4A22-A236-0012BB97D2A4}
	EndGlobalSection
EndGlobal
