
Microsoft Visual Studio Solution File, Format Version 12.00
# Visual Studio 15
VisualStudioVersion = 15.0.28010.2036
MinimumVisualStudioVersion = 10.0.40219.1
Project("{FAE04EC0-301F-11D3-BF4B-00C04F79EFBC}") = "IE.Programare1.Masina", "IE.Programare1.Masina\IE.Programare1.Masina.csproj", "{C56E224F-6434-421D-9B17-0815CF5B2685}"
EndProject
Project("{FAE04EC0-301F-11D3-BF4B-00C04F79EFBC}") = "IE.Programare1.Cerc", "IE.Programare1.Cerc\IE.Programare1.Cerc.csproj", "{89A73403-BE6A-402F-BE8F-50F90A3795CE}"
EndProject
Project("{FAE04EC0-301F-11D3-BF4B-00C04F79EFBC}") = "IE.Programare1.NotaFinala", "IE.Programare1.NotaFinala\IE.Programare1.NotaFinala.csproj", "{60E9DBD8-E020-4489-B63E-FE2ACCC3916C}"
EndProject
Project("{FAE04EC0-301F-11D3-BF4B-00C04F79EFBC}") = "IE.Programare1.NumerePare", "IE.Programare1.NumerePare\IE.Programare1.NumerePare.csproj", "{841A5EF9-7158-4EC3-8B86-DD8F91429320}"
EndProject
Project("{FAE04EC0-301F-11D3-BF4B-00C04F79EFBC}") = "IE.Programare1.Calculator", "IE.Programare1.Calculator\IE.Programare1.Calculator.csproj", "{03D3B97A-A58A-4989-B8AC-BAFC470C22A5}"
EndProject
Project("{FAE04EC0-301F-11D3-BF4B-00C04F79EFBC}") = "IE.Programare1.Problema14", "IE.Programare1.Problema14\IE.Programare1.Problema14.csproj", "{77C96351-3DEB-4A96-BEFE-A536E5DC501A}"
EndProject
Project("{FAE04EC0-301F-11D3-BF4B-00C04F79EFBC}") = "IE.Programare1.Problema1", "IE.Programare1.Problema1\IE.Programare1.Problema1.csproj", "{440F237A-F3A6-42C9-804C-63CFA190C175}"
EndProject
Project("{FAE04EC0-301F-11D3-BF4B-00C04F79EFBC}") = "IE.Programare1.Problema4", "IE.Programare1.Problema4\IE.Programare1.Problema4.csproj", "{AF2C1D4A-BBC8-45E6-81FB-14E6D7DE6327}"
EndProject
Project("{FAE04EC0-301F-11D3-BF4B-00C04F79EFBC}") = "IE.Programare1.Problema5", "IE.Programare1.Problema5\IE.Programare1.Problema5.csproj", "{7AF918F3-BAFA-478F-BD27-E2F4858EB528}"
EndProject
Project("{FAE04EC0-301F-11D3-BF4B-00C04F79EFBC}") = "IE.Programare1.CursSchimb", "IE.Programare1.CursSchimb\IE.Programare1.CursSchimb.csproj", "{A153689E-F692-4CCA-88EC-42368104C577}"
EndProject
Project("{FAE04EC0-301F-11D3-BF4B-00C04F79EFBC}") = "IE.Programare1.Util", "IE.Programare1.Util\IE.Programare1.Util.csproj", "{BD1016FC-1089-457D-A93D-69BB534BD970}"
EndProject
Project("{FAE04EC0-301F-11D3-BF4B-00C04F79EFBC}") = "IE.Programare1.CursSchimb2", "IE.Programare1.CursSchimb2\IE.Programare1.CursSchimb2.csproj", "{52AAE117-09E6-4BC8-A157-87D101184759}"
EndProject
Project("{FAE04EC0-301F-11D3-BF4B-00C04F79EFBC}") = "IE.Programare1.Facturi", "IE.Programare1.Facturi\IE.Programare1.Facturi.csproj", "{66D2EBBE-613A-4E10-A03A-2DEC3BA70485}"
EndProject
Global
	GlobalSection(SolutionConfigurationPlatforms) = preSolution
		Debug|Any CPU = Debug|Any CPU
		Release|Any CPU = Release|Any CPU
	EndGlobalSection
	GlobalSection(ProjectConfigurationPlatforms) = postSolution
		{C56E224F-6434-421D-9B17-0815CF5B2685}.Debug|Any CPU.ActiveCfg = Debug|Any CPU
		{C56E224F-6434-421D-9B17-0815CF5B2685}.Debug|Any CPU.Build.0 = Debug|Any CPU
		{C56E224F-6434-421D-9B17-0815CF5B2685}.Release|Any CPU.ActiveCfg = Release|Any CPU
		{C56E224F-6434-421D-9B17-0815CF5B2685}.Release|Any CPU.Build.0 = Release|Any CPU
		{89A73403-BE6A-402F-BE8F-50F90A3795CE}.Debug|Any CPU.ActiveCfg = Debug|Any CPU
		{89A73403-BE6A-402F-BE8F-50F90A3795CE}.Debug|Any CPU.Build.0 = Debug|Any CPU
		{89A73403-BE6A-402F-BE8F-50F90A3795CE}.Release|Any CPU.ActiveCfg = Release|Any CPU
		{89A73403-BE6A-402F-BE8F-50F90A3795CE}.Release|Any CPU.Build.0 = Release|Any CPU
		{60E9DBD8-E020-4489-B63E-FE2ACCC3916C}.Debug|Any CPU.ActiveCfg = Debug|Any CPU
		{60E9DBD8-E020-4489-B63E-FE2ACCC3916C}.Debug|Any CPU.Build.0 = Debug|Any CPU
		{60E9DBD8-E020-4489-B63E-FE2ACCC3916C}.Release|Any CPU.ActiveCfg = Release|Any CPU
		{60E9DBD8-E020-4489-B63E-FE2ACCC3916C}.Release|Any CPU.Build.0 = Release|Any CPU
		{841A5EF9-7158-4EC3-8B86-DD8F91429320}.Debug|Any CPU.ActiveCfg = Debug|Any CPU
		{841A5EF9-7158-4EC3-8B86-DD8F91429320}.Debug|Any CPU.Build.0 = Debug|Any CPU
		{841A5EF9-7158-4EC3-8B86-DD8F91429320}.Release|Any CPU.ActiveCfg = Release|Any CPU
		{841A5EF9-7158-4EC3-8B86-DD8F91429320}.Release|Any CPU.Build.0 = Release|Any CPU
		{03D3B97A-A58A-4989-B8AC-BAFC470C22A5}.Debug|Any CPU.ActiveCfg = Debug|Any CPU
		{03D3B97A-A58A-4989-B8AC-BAFC470C22A5}.Debug|Any CPU.Build.0 = Debug|Any CPU
		{03D3B97A-A58A-4989-B8AC-BAFC470C22A5}.Release|Any CPU.ActiveCfg = Release|Any CPU
		{03D3B97A-A58A-4989-B8AC-BAFC470C22A5}.Release|Any CPU.Build.0 = Release|Any CPU
		{77C96351-3DEB-4A96-BEFE-A536E5DC501A}.Debug|Any CPU.ActiveCfg = Debug|Any CPU
		{77C96351-3DEB-4A96-BEFE-A536E5DC501A}.Debug|Any CPU.Build.0 = Debug|Any CPU
		{77C96351-3DEB-4A96-BEFE-A536E5DC501A}.Release|Any CPU.ActiveCfg = Release|Any CPU
		{77C96351-3DEB-4A96-BEFE-A536E5DC501A}.Release|Any CPU.Build.0 = Release|Any CPU
		{440F237A-F3A6-42C9-804C-63CFA190C175}.Debug|Any CPU.ActiveCfg = Debug|Any CPU
		{440F237A-F3A6-42C9-804C-63CFA190C175}.Debug|Any CPU.Build.0 = Debug|Any CPU
		{440F237A-F3A6-42C9-804C-63CFA190C175}.Release|Any CPU.ActiveCfg = Release|Any CPU
		{440F237A-F3A6-42C9-804C-63CFA190C175}.Release|Any CPU.Build.0 = Release|Any CPU
		{AF2C1D4A-BBC8-45E6-81FB-14E6D7DE6327}.Debug|Any CPU.ActiveCfg = Debug|Any CPU
		{AF2C1D4A-BBC8-45E6-81FB-14E6D7DE6327}.Debug|Any CPU.Build.0 = Debug|Any CPU
		{AF2C1D4A-BBC8-45E6-81FB-14E6D7DE6327}.Release|Any CPU.ActiveCfg = Release|Any CPU
		{AF2C1D4A-BBC8-45E6-81FB-14E6D7DE6327}.Release|Any CPU.Build.0 = Release|Any CPU
		{7AF918F3-BAFA-478F-BD27-E2F4858EB528}.Debug|Any CPU.ActiveCfg = Debug|Any CPU
		{7AF918F3-BAFA-478F-BD27-E2F4858EB528}.Debug|Any CPU.Build.0 = Debug|Any CPU
		{7AF918F3-BAFA-478F-BD27-E2F4858EB528}.Release|Any CPU.ActiveCfg = Release|Any CPU
		{7AF918F3-BAFA-478F-BD27-E2F4858EB528}.Release|Any CPU.Build.0 = Release|Any CPU
		{A153689E-F692-4CCA-88EC-42368104C577}.Debug|Any CPU.ActiveCfg = Debug|Any CPU
		{A153689E-F692-4CCA-88EC-42368104C577}.Debug|Any CPU.Build.0 = Debug|Any CPU
		{A153689E-F692-4CCA-88EC-42368104C577}.Release|Any CPU.ActiveCfg = Release|Any CPU
		{A153689E-F692-4CCA-88EC-42368104C577}.Release|Any CPU.Build.0 = Release|Any CPU
		{BD1016FC-1089-457D-A93D-69BB534BD970}.Debug|Any CPU.ActiveCfg = Debug|Any CPU
		{BD1016FC-1089-457D-A93D-69BB534BD970}.Debug|Any CPU.Build.0 = Debug|Any CPU
		{BD1016FC-1089-457D-A93D-69BB534BD970}.Release|Any CPU.ActiveCfg = Release|Any CPU
		{BD1016FC-1089-457D-A93D-69BB534BD970}.Release|Any CPU.Build.0 = Release|Any CPU
		{52AAE117-09E6-4BC8-A157-87D101184759}.Debug|Any CPU.ActiveCfg = Debug|Any CPU
		{52AAE117-09E6-4BC8-A157-87D101184759}.Debug|Any CPU.Build.0 = Debug|Any CPU
		{52AAE117-09E6-4BC8-A157-87D101184759}.Release|Any CPU.ActiveCfg = Release|Any CPU
		{52AAE117-09E6-4BC8-A157-87D101184759}.Release|Any CPU.Build.0 = Release|Any CPU
		{66D2EBBE-613A-4E10-A03A-2DEC3BA70485}.Debug|Any CPU.ActiveCfg = Debug|Any CPU
		{66D2EBBE-613A-4E10-A03A-2DEC3BA70485}.Debug|Any CPU.Build.0 = Debug|Any CPU
		{66D2EBBE-613A-4E10-A03A-2DEC3BA70485}.Release|Any CPU.ActiveCfg = Release|Any CPU
		{66D2EBBE-613A-4E10-A03A-2DEC3BA70485}.Release|Any CPU.Build.0 = Release|Any CPU
	EndGlobalSection
	GlobalSection(SolutionProperties) = preSolution
		HideSolutionNode = FALSE
	EndGlobalSection
	GlobalSection(ExtensibilityGlobals) = postSolution
		SolutionGuid = {11BFEB7E-ADB0-4A22-A236-0012BB97D2A4}
	EndGlobalSection
EndGlobal
